
Microsoft Visual Studio Solution File, Format Version 12.00
# Visual Studio 15
VisualStudioVersion = 15.0.27428.2015
MinimumVisualStudioVersion = 10.0.40219.1
Project("{FAE04EC0-301F-11D3-BF4B-00C04F79EFBC}") = "TariffCompare.Test", "TariffCompare.Test\TariffCompare.Test.csproj", "{8EDF4429-251A-416D-BB68-93F227191BCF}"
EndProject
Project("{FAE04EC0-301F-11D3-BF4B-00C04F79EFBC}") = "TariffCompare.Linux", "TariffCompare.Linux\TariffCompare.Linux.csproj", "{26980661-DF74-44CF-97EF-28170231E293}"
EndProject
Project("{FAE04EC0-301F-11D3-BF4B-00C04F79EFBC}") = "TariffCompare.Standard", "TariffCompare.Standard\TariffCompare.Standard.csproj", "{350B5890-7E7B-4F2D-92A1-4E375CDDB998}"
EndProject
Global
	GlobalSection(SolutionConfigurationPlatforms) = preSolution
		Debug|Any CPU = Debug|Any CPU
		Release|Any CPU = Release|Any CPU
	EndGlobalSection
	GlobalSection(ProjectConfigurationPlatforms) = postSolution
		{8EDF4429-251A-416D-BB68-93F227191BCF}.Debug|Any CPU.ActiveCfg = Debug|Any CPU
		{8EDF4429-251A-416D-BB68-93F227191BCF}.Debug|Any CPU.Build.0 = Debug|Any CPU
		{8EDF4429-251A-416D-BB68-93F227191BCF}.Release|Any CPU.ActiveCfg = Release|Any CPU
		{8EDF4429-251A-416D-BB68-93F227191BCF}.Release|Any CPU.Build.0 = Release|Any CPU
		{26980661-DF74-44CF-97EF-28170231E293}.Debug|Any CPU.ActiveCfg = Debug|Any CPU
		{26980661-DF74-44CF-97EF-28170231E293}.Debug|Any CPU.Build.0 = Debug|Any CPU
		{26980661-DF74-44CF-97EF-28170231E293}.Release|Any CPU.ActiveCfg = Release|Any CPU
		{26980661-DF74-44CF-97EF-28170231E293}.Release|Any CPU.Build.0 = Release|Any CPU
		{350B5890-7E7B-4F2D-92A1-4E375CDDB998}.Debug|Any CPU.ActiveCfg = Debug|Any CPU
		{350B5890-7E7B-4F2D-92A1-4E375CDDB998}.Debug|Any CPU.Build.0 = Debug|Any CPU
		{350B5890-7E7B-4F2D-92A1-4E375CDDB998}.Release|Any CPU.ActiveCfg = Release|Any CPU
		{350B5890-7E7B-4F2D-92A1-4E375CDDB998}.Release|Any CPU.Build.0 = Release|Any CPU
	EndGlobalSection
	GlobalSection(SolutionProperties) = preSolution
		HideSolutionNode = FALSE
	EndGlobalSection
	GlobalSection(ExtensibilityGlobals) = postSolution
		SolutionGuid = {7A4E4B71-6417-4BE7-8376-30696AC6A8ED}
	EndGlobalSection
EndGlobal
