
Microsoft Visual Studio Solution File, Format Version 12.00
# Visual Studio 15
VisualStudioVersion = 15.0.27428.2015
MinimumVisualStudioVersion = 10.0.40219.1
Project("{9A19103F-16F7-4668-BE54-9A1E7A4F7556}") = "TariffCompare.Standard", "TariffCompare.Standard\TariffCompare.Standard.csproj", "{350B5890-7E7B-4F2D-92A1-4E375CDDB998}"
EndProject
Project("{9A19103F-16F7-4668-BE54-9A1E7A4F7556}") = "TariffCompare.Standard.Test", "TariffCompare.Standard.Test\TariffCompare.Standard.Test.csproj", "{F2FAE2DC-E76B-4B22-9984-CAF4F351A0A1}"
EndProject
Project("{9A19103F-16F7-4668-BE54-9A1E7A4F7556}") = "TariffCompare.Console", "TariffCompare.Console\TariffCompare.Console.csproj", "{5017FD49-9F5B-4C07-8A7B-F3A2FAF80E6D}"
EndProject
Project("{2150E333-8FDC-42A3-9474-1A3956D46DE8}") = "Solution Items", "Solution Items", "{6DF80E0B-D17B-47DA-BF95-CA4AA01521F8}"
	ProjectSection(SolutionItems) = preProject
		readme.txt = readme.txt
	EndProjectSection
EndProject
Global
	GlobalSection(SolutionConfigurationPlatforms) = preSolution
		Debug|Any CPU = Debug|Any CPU
		Release|Any CPU = Release|Any CPU
	EndGlobalSection
	GlobalSection(ProjectConfigurationPlatforms) = postSolution
		{350B5890-7E7B-4F2D-92A1-4E375CDDB998}.Debug|Any CPU.ActiveCfg = Debug|Any CPU
		{350B5890-7E7B-4F2D-92A1-4E375CDDB998}.Debug|Any CPU.Build.0 = Debug|Any CPU
		{350B5890-7E7B-4F2D-92A1-4E375CDDB998}.Release|Any CPU.ActiveCfg = Release|Any CPU
		{350B5890-7E7B-4F2D-92A1-4E375CDDB998}.Release|Any CPU.Build.0 = Release|Any CPU
		{F2FAE2DC-E76B-4B22-9984-CAF4F351A0A1}.Debug|Any CPU.ActiveCfg = Debug|Any CPU
		{F2FAE2DC-E76B-4B22-9984-CAF4F351A0A1}.Debug|Any CPU.Build.0 = Debug|Any CPU
		{F2FAE2DC-E76B-4B22-9984-CAF4F351A0A1}.Release|Any CPU.ActiveCfg = Release|Any CPU
		{F2FAE2DC-E76B-4B22-9984-CAF4F351A0A1}.Release|Any CPU.Build.0 = Release|Any CPU
		{5017FD49-9F5B-4C07-8A7B-F3A2FAF80E6D}.Debug|Any CPU.ActiveCfg = Debug|Any CPU
		{5017FD49-9F5B-4C07-8A7B-F3A2FAF80E6D}.Debug|Any CPU.Build.0 = Debug|Any CPU
		{5017FD49-9F5B-4C07-8A7B-F3A2FAF80E6D}.Release|Any CPU.ActiveCfg = Release|Any CPU
		{5017FD49-9F5B-4C07-8A7B-F3A2FAF80E6D}.Release|Any CPU.Build.0 = Release|Any CPU
	EndGlobalSection
	GlobalSection(SolutionProperties) = preSolution
		HideSolutionNode = FALSE
	EndGlobalSection
	GlobalSection(ExtensibilityGlobals) = postSolution
		SolutionGuid = {7A4E4B71-6417-4BE7-8376-30696AC6A8ED}
	EndGlobalSection
EndGlobal
